// !$*UTF8*$!
{
	archiveVersion = 1;
	classes = {
	};
	objectVersion = 50;
	objects = {

/* Begin PBXBuildFile section */
		ABF8657D239AB42F00DC06ED /* AppDelegate.m in Sources */ = {isa = PBXBuildFile; fileRef = ABF8657C239AB42F00DC06ED /* AppDelegate.m */; };
		ABF86580239AB42F00DC06ED /* SceneDelegate.m in Sources */ = {isa = PBXBuildFile; fileRef = ABF8657F239AB42F00DC06ED /* SceneDelegate.m */; };
		ABF86586239AB42F00DC06ED /* Main.storyboard in Resources */ = {isa = PBXBuildFile; fileRef = ABF86584239AB42F00DC06ED /* Main.storyboard */; };
		ABF86588239AB43000DC06ED /* Assets.xcassets in Resources */ = {isa = PBXBuildFile; fileRef = ABF86587239AB43000DC06ED /* Assets.xcassets */; };
		ABF8658B239AB43000DC06ED /* LaunchScreen.storyboard in Resources */ = {isa = PBXBuildFile; fileRef = ABF86589239AB43000DC06ED /* LaunchScreen.storyboard */; };
		ABF8658E239AB43000DC06ED /* main.m in Sources */ = {isa = PBXBuildFile; fileRef = ABF8658D239AB43000DC06ED /* main.m */; };
		ABF865A1239AB57300DC06ED /* AARMovie.m in Sources */ = {isa = PBXBuildFile; fileRef = ABF865A0239AB57300DC06ED /* AARMovie.m */; };
		ABF865A4239AB58C00DC06ED /* AARMovieController.m in Sources */ = {isa = PBXBuildFile; fileRef = ABF865A3239AB58C00DC06ED /* AARMovieController.m */; };
/* End PBXBuildFile section */

/* Begin PBXFileReference section */
		ABF86578239AB42E00DC06ED /* MovieSearchObjC.app */ = {isa = PBXFileReference; explicitFileType = wrapper.application; includeInIndex = 0; path = MovieSearchObjC.app; sourceTree = BUILT_PRODUCTS_DIR; };
		ABF8657B239AB42F00DC06ED /* AppDelegate.h */ = {isa = PBXFileReference; lastKnownFileType = sourcecode.c.h; path = AppDelegate.h; sourceTree = "<group>"; };
		ABF8657C239AB42F00DC06ED /* AppDelegate.m */ = {isa = PBXFileReference; lastKnownFileType = sourcecode.c.objc; path = AppDelegate.m; sourceTree = "<group>"; };
		ABF8657E239AB42F00DC06ED /* SceneDelegate.h */ = {isa = PBXFileReference; lastKnownFileType = sourcecode.c.h; path = SceneDelegate.h; sourceTree = "<group>"; };
		ABF8657F239AB42F00DC06ED /* SceneDelegate.m */ = {isa = PBXFileReference; lastKnownFileType = sourcecode.c.objc; path = SceneDelegate.m; sourceTree = "<group>"; };
		ABF86585239AB42F00DC06ED /* Base */ = {isa = PBXFileReference; lastKnownFileType = file.storyboard; name = Base; path = Base.lproj/Main.storyboard; sourceTree = "<group>"; };
		ABF86587239AB43000DC06ED /* Assets.xcassets */ = {isa = PBXFileReference; lastKnownFileType = folder.assetcatalog; path = Assets.xcassets; sourceTree = "<group>"; };
		ABF8658A239AB43000DC06ED /* Base */ = {isa = PBXFileReference; lastKnownFileType = file.storyboard; name = Base; path = Base.lproj/LaunchScreen.storyboard; sourceTree = "<group>"; };
		ABF8658C239AB43000DC06ED /* Info.plist */ = {isa = PBXFileReference; lastKnownFileType = text.plist.xml; path = Info.plist; sourceTree = "<group>"; };
		ABF8658D239AB43000DC06ED /* main.m */ = {isa = PBXFileReference; lastKnownFileType = sourcecode.c.objc; path = main.m; sourceTree = "<group>"; };
		ABF8659F239AB57300DC06ED /* AARMovie.h */ = {isa = PBXFileReference; lastKnownFileType = sourcecode.c.h; path = AARMovie.h; sourceTree = "<group>"; };
		ABF865A0239AB57300DC06ED /* AARMovie.m */ = {isa = PBXFileReference; lastKnownFileType = sourcecode.c.objc; path = AARMovie.m; sourceTree = "<group>"; };
		ABF865A2239AB58C00DC06ED /* AARMovieController.h */ = {isa = PBXFileReference; lastKnownFileType = sourcecode.c.h; path = AARMovieController.h; sourceTree = "<group>"; };
		ABF865A3239AB58C00DC06ED /* AARMovieController.m */ = {isa = PBXFileReference; lastKnownFileType = sourcecode.c.objc; path = AARMovieController.m; sourceTree = "<group>"; };
/* End PBXFileReference section */

/* Begin PBXFrameworksBuildPhase section */
		ABF86575239AB42E00DC06ED /* Frameworks */ = {
			isa = PBXFrameworksBuildPhase;
			buildActionMask = 2147483647;
			files = (
			);
			runOnlyForDeploymentPostprocessing = 0;
		};
/* End PBXFrameworksBuildPhase section */

/* Begin PBXGroup section */
		ABF8656F239AB42E00DC06ED = {
			isa = PBXGroup;
			children = (
				ABF8657A239AB42F00DC06ED /* MovieSearchObjC */,
				ABF86579239AB42F00DC06ED /* Products */,
			);
			sourceTree = "<group>";
		};
		ABF86579239AB42F00DC06ED /* Products */ = {
			isa = PBXGroup;
			children = (
				ABF86578239AB42E00DC06ED /* MovieSearchObjC.app */,
			);
			name = Products;
			sourceTree = "<group>";
		};
		ABF8657A239AB42F00DC06ED /* MovieSearchObjC */ = {
			isa = PBXGroup;
			children = (
				ABF86599239AB46700DC06ED /* Views */,
				ABF86598239AB45F00DC06ED /* Controllers */,
				ABF86595239AB44C00DC06ED /* Models */,
				ABF86594239AB44500DC06ED /* Resources */,
				ABF86584239AB42F00DC06ED /* Main.storyboard */,
				ABF86589239AB43000DC06ED /* LaunchScreen.storyboard */,
			);
			path = MovieSearchObjC;
			sourceTree = "<group>";
		};
		ABF86594239AB44500DC06ED /* Resources */ = {
			isa = PBXGroup;
			children = (
				ABF8657B239AB42F00DC06ED /* AppDelegate.h */,
				ABF8657C239AB42F00DC06ED /* AppDelegate.m */,
				ABF8657E239AB42F00DC06ED /* SceneDelegate.h */,
				ABF8657F239AB42F00DC06ED /* SceneDelegate.m */,
				ABF86587239AB43000DC06ED /* Assets.xcassets */,
				ABF8658C239AB43000DC06ED /* Info.plist */,
				ABF8658D239AB43000DC06ED /* main.m */,
			);
			path = Resources;
			sourceTree = "<group>";
		};
		ABF86595239AB44C00DC06ED /* Models */ = {
			isa = PBXGroup;
			children = (
				ABF8659F239AB57300DC06ED /* AARMovie.h */,
				ABF865A0239AB57300DC06ED /* AARMovie.m */,
			);
			path = Models;
			sourceTree = "<group>";
		};
		ABF86596239AB45100DC06ED /* Model Controllers */ = {
			isa = PBXGroup;
			children = (
				ABF865A2239AB58C00DC06ED /* AARMovieController.h */,
				ABF865A3239AB58C00DC06ED /* AARMovieController.m */,
			);
			path = "Model Controllers";
			sourceTree = "<group>";
		};
		ABF86597239AB45700DC06ED /* View Controllers */ = {
			isa = PBXGroup;
			children = (
			);
			path = "View Controllers";
			sourceTree = "<group>";
		};
		ABF86598239AB45F00DC06ED /* Controllers */ = {
			isa = PBXGroup;
			children = (
				ABF86597239AB45700DC06ED /* View Controllers */,
				ABF86596239AB45100DC06ED /* Model Controllers */,
			);
			path = Controllers;
			sourceTree = "<group>";
		};
		ABF86599239AB46700DC06ED /* Views */ = {
			isa = PBXGroup;
			children = (
				ABF8659B239AB47100DC06ED /* Custom Views */,
				ABF8659A239AB46B00DC06ED /* Storyboards */,
			);
			path = Views;
			sourceTree = "<group>";
		};
		ABF8659A239AB46B00DC06ED /* Storyboards */ = {
			isa = PBXGroup;
			children = (
			);
			path = Storyboards;
			sourceTree = "<group>";
		};
		ABF8659B239AB47100DC06ED /* Custom Views */ = {
			isa = PBXGroup;
			children = (
			);
			path = "Custom Views";
			sourceTree = "<group>";
		};
/* End PBXGroup section */

/* Begin PBXNativeTarget section */
		ABF86577239AB42E00DC06ED /* MovieSearchObjC */ = {
			isa = PBXNativeTarget;
			buildConfigurationList = ABF86591239AB43000DC06ED /* Build configuration list for PBXNativeTarget "MovieSearchObjC" */;
			buildPhases = (
				ABF86574239AB42E00DC06ED /* Sources */,
				ABF86575239AB42E00DC06ED /* Frameworks */,
				ABF86576239AB42E00DC06ED /* Resources */,
			);
			buildRules = (
			);
			dependencies = (
			);
			name = MovieSearchObjC;
			productName = MovieSearchObjC;
			productReference = ABF86578239AB42E00DC06ED /* MovieSearchObjC.app */;
			productType = "com.apple.product-type.application";
		};
/* End PBXNativeTarget section */

/* Begin PBXProject section */
		ABF86570239AB42E00DC06ED /* Project object */ = {
			isa = PBXProject;
			attributes = {
				CLASSPREFIX = AAR;
				LastUpgradeCheck = 1120;
				ORGANIZATIONNAME = "Aaron Shackelford";
				TargetAttributes = {
					ABF86577239AB42E00DC06ED = {
						CreatedOnToolsVersion = 11.2.1;
					};
				};
			};
			buildConfigurationList = ABF86573239AB42E00DC06ED /* Build configuration list for PBXProject "MovieSearchObjC" */;
			compatibilityVersion = "Xcode 9.3";
			developmentRegion = en;
			hasScannedForEncodings = 0;
			knownRegions = (
				en,
				Base,
			);
			mainGroup = ABF8656F239AB42E00DC06ED;
			productRefGroup = ABF86579239AB42F00DC06ED /* Products */;
			projectDirPath = "";
			projectRoot = "";
			targets = (
				ABF86577239AB42E00DC06ED /* MovieSearchObjC */,
			);
		};
/* End PBXProject section */

/* Begin PBXResourcesBuildPhase section */
		ABF86576239AB42E00DC06ED /* Resources */ = {
			isa = PBXResourcesBuildPhase;
			buildActionMask = 2147483647;
			files = (
				ABF8658B239AB43000DC06ED /* LaunchScreen.storyboard in Resources */,
				ABF86588239AB43000DC06ED /* Assets.xcassets in Resources */,
				ABF86586239AB42F00DC06ED /* Main.storyboard in Resources */,
			);
			runOnlyForDeploymentPostprocessing = 0;
		};
/* End PBXResourcesBuildPhase section */

/* Begin PBXSourcesBuildPhase section */
		ABF86574239AB42E00DC06ED /* Sources */ = {
			isa = PBXSourcesBuildPhase;
			buildActionMask = 2147483647;
			files = (
				ABF8657D239AB42F00DC06ED /* AppDelegate.m in Sources */,
				ABF865A1239AB57300DC06ED /* AARMovie.m in Sources */,
				ABF865A4239AB58C00DC06ED /* AARMovieController.m in Sources */,
				ABF8658E239AB43000DC06ED /* main.m in Sources */,
				ABF86580239AB42F00DC06ED /* SceneDelegate.m in Sources */,
			);
			runOnlyForDeploymentPostprocessing = 0;
		};
/* End PBXSourcesBuildPhase section */

/* Begin PBXVariantGroup section */
		ABF86584239AB42F00DC06ED /* Main.storyboard */ = {
			isa = PBXVariantGroup;
			children = (
				ABF86585239AB42F00DC06ED /* Base */,
			);
			name = Main.storyboard;
			sourceTree = "<group>";
		};
		ABF86589239AB43000DC06ED /* LaunchScreen.storyboard */ = {
			isa = PBXVariantGroup;
			children = (
				ABF8658A239AB43000DC06ED /* Base */,
			);
			name = LaunchScreen.storyboard;
			sourceTree = "<group>";
		};
/* End PBXVariantGroup section */

/* Begin XCBuildConfiguration section */
		ABF8658F239AB43000DC06ED /* Debug */ = {
			isa = XCBuildConfiguration;
			buildSettings = {
				ALWAYS_SEARCH_USER_PATHS = NO;
				CLANG_ANALYZER_NONNULL = YES;
				CLANG_ANALYZER_NUMBER_OBJECT_CONVERSION = YES_AGGRESSIVE;
				CLANG_CXX_LANGUAGE_STANDARD = "gnu++14";
				CLANG_CXX_LIBRARY = "libc++";
				CLANG_ENABLE_MODULES = YES;
				CLANG_ENABLE_OBJC_ARC = YES;
				CLANG_ENABLE_OBJC_WEAK = YES;
				CLANG_WARN_BLOCK_CAPTURE_AUTORELEASING = YES;
				CLANG_WARN_BOOL_CONVERSION = YES;
				CLANG_WARN_COMMA = YES;
				CLANG_WARN_CONSTANT_CONVERSION = YES;
				CLANG_WARN_DEPRECATED_OBJC_IMPLEMENTATIONS = YES;
				CLANG_WARN_DIRECT_OBJC_ISA_USAGE = YES_ERROR;
				CLANG_WARN_DOCUMENTATION_COMMENTS = YES;
				CLANG_WARN_EMPTY_BODY = YES;
				CLANG_WARN_ENUM_CONVERSION = YES;
				CLANG_WARN_INFINITE_RECURSION = YES;
				CLANG_WARN_INT_CONVERSION = YES;
				CLANG_WARN_NON_LITERAL_NULL_CONVERSION = YES;
				CLANG_WARN_OBJC_IMPLICIT_RETAIN_SELF = YES;
				CLANG_WARN_OBJC_LITERAL_CONVERSION = YES;
				CLANG_WARN_OBJC_ROOT_CLASS = YES_ERROR;
				CLANG_WARN_RANGE_LOOP_ANALYSIS = YES;
				CLANG_WARN_STRICT_PROTOTYPES = YES;
				CLANG_WARN_SUSPICIOUS_MOVE = YES;
				CLANG_WARN_UNGUARDED_AVAILABILITY = YES_AGGRESSIVE;
				CLANG_WARN_UNREACHABLE_CODE = YES;
				CLANG_WARN__DUPLICATE_METHOD_MATCH = YES;
				COPY_PHASE_STRIP = NO;
				DEBUG_INFORMATION_FORMAT = dwarf;
				ENABLE_STRICT_OBJC_MSGSEND = YES;
				ENABLE_TESTABILITY = YES;
				GCC_C_LANGUAGE_STANDARD = gnu11;
				GCC_DYNAMIC_NO_PIC = NO;
				GCC_NO_COMMON_BLOCKS = YES;
				GCC_OPTIMIZATION_LEVEL = 0;
				GCC_PREPROCESSOR_DEFINITIONS = (
					"DEBUG=1",
					"$(inherited)",
				);
				GCC_WARN_64_TO_32_BIT_CONVERSION = YES;
				GCC_WARN_ABOUT_RETURN_TYPE = YES_ERROR;
				GCC_WARN_UNDECLARED_SELECTOR = YES;
				GCC_WARN_UNINITIALIZED_AUTOS = YES_AGGRESSIVE;
				GCC_WARN_UNUSED_FUNCTION = YES;
				GCC_WARN_UNUSED_VARIABLE = YES;
				IPHONEOS_DEPLOYMENT_TARGET = 13.2;
				MTL_ENABLE_DEBUG_INFO = INCLUDE_SOURCE;
				MTL_FAST_MATH = YES;
				ONLY_ACTIVE_ARCH = YES;
				SDKROOT = iphoneos;
			};
			name = Debug;
		};
		ABF86590239AB43000DC06ED /* Release */ = {
			isa = XCBuildConfiguration;
			buildSettings = {
				ALWAYS_SEARCH_USER_PATHS = NO;
				CLANG_ANALYZER_NONNULL = YES;
				CLANG_ANALYZER_NUMBER_OBJECT_CONVERSION = YES_AGGRESSIVE;
				CLANG_CXX_LANGUAGE_STANDARD = "gnu++14";
				CLANG_CXX_LIBRARY = "libc++";
				CLANG_ENABLE_MODULES = YES;
				CLANG_ENABLE_OBJC_ARC = YES;
				CLANG_ENABLE_OBJC_WEAK = YES;
				CLANG_WARN_BLOCK_CAPTURE_AUTORELEASING = YES;
				CLANG_WARN_BOOL_CONVERSION = YES;
				CLANG_WARN_COMMA = YES;
				CLANG_WARN_CONSTANT_CONVERSION = YES;
				CLANG_WARN_DEPRECATED_OBJC_IMPLEMENTATIONS = YES;
				CLANG_WARN_DIRECT_OBJC_ISA_USAGE = YES_ERROR;
				CLANG_WARN_DOCUMENTATION_COMMENTS = YES;
				CLANG_WARN_EMPTY_BODY = YES;
				CLANG_WARN_ENUM_CONVERSION = YES;
				CLANG_WARN_INFINITE_RECURSION = YES;
				CLANG_WARN_INT_CONVERSION = YES;
				CLANG_WARN_NON_LITERAL_NULL_CONVERSION = YES;
				CLANG_WARN_OBJC_IMPLICIT_RETAIN_SELF = YES;
				CLANG_WARN_OBJC_LITERAL_CONVERSION = YES;
				CLANG_WARN_OBJC_ROOT_CLASS = YES_ERROR;
				CLANG_WARN_RANGE_LOOP_ANALYSIS = YES;
				CLANG_WARN_STRICT_PROTOTYPES = YES;
				CLANG_WARN_SUSPICIOUS_MOVE = YES;
				CLANG_WARN_UNGUARDED_AVAILABILITY = YES_AGGRESSIVE;
				CLANG_WARN_UNREACHABLE_CODE = YES;
				CLANG_WARN__DUPLICATE_METHOD_MATCH = YES;
				COPY_PHASE_STRIP = NO;
				DEBUG_INFORMATION_FORMAT = "dwarf-with-dsym";
				ENABLE_NS_ASSERTIONS = NO;
				ENABLE_STRICT_OBJC_MSGSEND = YES;
				GCC_C_LANGUAGE_STANDARD = gnu11;
				GCC_NO_COMMON_BLOCKS = YES;
				GCC_WARN_64_TO_32_BIT_CONVERSION = YES;
				GCC_WARN_ABOUT_RETURN_TYPE = YES_ERROR;
				GCC_WARN_UNDECLARED_SELECTOR = YES;
				GCC_WARN_UNINITIALIZED_AUTOS = YES_AGGRESSIVE;
				GCC_WARN_UNUSED_FUNCTION = YES;
				GCC_WARN_UNUSED_VARIABLE = YES;
				IPHONEOS_DEPLOYMENT_TARGET = 13.2;
				MTL_ENABLE_DEBUG_INFO = NO;
				MTL_FAST_MATH = YES;
				SDKROOT = iphoneos;
				VALIDATE_PRODUCT = YES;
			};
			name = Release;
		};
		ABF86592239AB43000DC06ED /* Debug */ = {
			isa = XCBuildConfiguration;
			buildSettings = {
				ASSETCATALOG_COMPILER_APPICON_NAME = AppIcon;
				CODE_SIGN_STYLE = Automatic;
				DEVELOPMENT_TEAM = 69Y2XBHVDM;
				INFOPLIST_FILE = MovieSearchObjC/Resources/Info.plist;
				LD_RUNPATH_SEARCH_PATHS = (
					"$(inherited)",
					"@executable_path/Frameworks",
				);
				PRODUCT_BUNDLE_IDENTIFIER = shackelford.MovieSearchObjC;
				PRODUCT_NAME = "$(TARGET_NAME)";
				TARGETED_DEVICE_FAMILY = "1,2";
			};
			name = Debug;
		};
		ABF86593239AB43000DC06ED /* Release */ = {
			isa = XCBuildConfiguration;
			buildSettings = {
				ASSETCATALOG_COMPILER_APPICON_NAME = AppIcon;
				CODE_SIGN_STYLE = Automatic;
				DEVELOPMENT_TEAM = 69Y2XBHVDM;
				INFOPLIST_FILE = MovieSearchObjC/Resources/Info.plist;
				LD_RUNPATH_SEARCH_PATHS = (
					"$(inherited)",
					"@executable_path/Frameworks",
				);
				PRODUCT_BUNDLE_IDENTIFIER = shackelford.MovieSearchObjC;
				PRODUCT_NAME = "$(TARGET_NAME)";
				TARGETED_DEVICE_FAMILY = "1,2";
			};
			name = Release;
		};
/* End XCBuildConfiguration section */

/* Begin XCConfigurationList section */
		ABF86573239AB42E00DC06ED /* Build configuration list for PBXProject "MovieSearchObjC" */ = {
			isa = XCConfigurationList;
			buildConfigurations = (
				ABF8658F239AB43000DC06ED /* Debug */,
				ABF86590239AB43000DC06ED /* Release */,
			);
			defaultConfigurationIsVisible = 0;
			defaultConfigurationName = Release;
		};
		ABF86591239AB43000DC06ED /* Build configuration list for PBXNativeTarget "MovieSearchObjC" */ = {
			isa = XCConfigurationList;
			buildConfigurations = (
				ABF86592239AB43000DC06ED /* Debug */,
				ABF86593239AB43000DC06ED /* Release */,
			);
			defaultConfigurationIsVisible = 0;
			defaultConfigurationName = Release;
		};
/* End XCConfigurationList section */
	};
	rootObject = ABF86570239AB42E00DC06ED /* Project object */;
}
